
Microsoft Visual Studio Solution File, Format Version 12.00
# Visual Studio Version 16
VisualStudioVersion = 16.0.29009.5
MinimumVisualStudioVersion = 10.0.40219.1
Project("{FAE04EC0-301F-11D3-BF4B-00C04F79EFBC}") = "Casting", "Casting\Casting.csproj", "{EA09AC9C-0BC1-4471-8471-20EE254D7C60}"
EndProject
Project("{FAE04EC0-301F-11D3-BF4B-00C04F79EFBC}") = "MoreVariablesAndPrinting", "MoreVariablesAndPrinting\MoreVariablesAndPrinting.csproj", "{01BAAA3E-5406-4CDB-B03C-1C3222FBA20C}"
EndProject
Project("{FAE04EC0-301F-11D3-BF4B-00C04F79EFBC}") = "SadFor", "SadFor\SadFor.csproj", "{357F7727-F6D3-4CF3-A2BB-72AC6F6A28D0}"
EndProject
Project("{FAE04EC0-301F-11D3-BF4B-00C04F79EFBC}") = "VariablesAndNames", "VariablesAndNames\VariablesAndNames.csproj", "{38CD71E6-6995-4D0D-A781-B4202B40BFB1}"
EndProject
Project("{FAE04EC0-301F-11D3-BF4B-00C04F79EFBC}") = "exc04", "exc04\exc04.csproj", "{8DE34803-6DFC-4204-9271-D2142D72EA7D}"
EndProject
Project("{FAE04EC0-301F-11D3-BF4B-00C04F79EFBC}") = "exc05", "exc05\exc05.csproj", "{2D752BFB-FE82-4A91-85C4-607E2FEA9A6F}"
EndProject
Project("{FAE04EC0-301F-11D3-BF4B-00C04F79EFBC}") = "exc06", "exc06\exc06.csproj", "{886BCD9F-8C60-4A3F-9BB2-364CCE805187}"
EndProject
Project("{FAE04EC0-301F-11D3-BF4B-00C04F79EFBC}") = "exc07", "exc07\exc07.csproj", "{10F790EF-F6AA-40EF-8F87-6DF70B1BD6A2}"
EndProject
Project("{FAE04EC0-301F-11D3-BF4B-00C04F79EFBC}") = "exc08", "exc08\exc08.csproj", "{732BAEF0-CB11-4D7E-B2A5-579663089437}"
EndProject
Project("{FAE04EC0-301F-11D3-BF4B-00C04F79EFBC}") = "exc09", "exc09\exc09.csproj", "{5295C1EA-99E8-4735-89C4-252F420A2E1C}"
EndProject
Global
	GlobalSection(SolutionConfigurationPlatforms) = preSolution
		Debug|Any CPU = Debug|Any CPU
		Release|Any CPU = Release|Any CPU
	EndGlobalSection
	GlobalSection(ProjectConfigurationPlatforms) = postSolution
		{EA09AC9C-0BC1-4471-8471-20EE254D7C60}.Debug|Any CPU.ActiveCfg = Debug|Any CPU
		{EA09AC9C-0BC1-4471-8471-20EE254D7C60}.Debug|Any CPU.Build.0 = Debug|Any CPU
		{EA09AC9C-0BC1-4471-8471-20EE254D7C60}.Release|Any CPU.ActiveCfg = Release|Any CPU
		{EA09AC9C-0BC1-4471-8471-20EE254D7C60}.Release|Any CPU.Build.0 = Release|Any CPU
		{01BAAA3E-5406-4CDB-B03C-1C3222FBA20C}.Debug|Any CPU.ActiveCfg = Debug|Any CPU
		{01BAAA3E-5406-4CDB-B03C-1C3222FBA20C}.Debug|Any CPU.Build.0 = Debug|Any CPU
		{01BAAA3E-5406-4CDB-B03C-1C3222FBA20C}.Release|Any CPU.ActiveCfg = Release|Any CPU
		{01BAAA3E-5406-4CDB-B03C-1C3222FBA20C}.Release|Any CPU.Build.0 = Release|Any CPU
		{357F7727-F6D3-4CF3-A2BB-72AC6F6A28D0}.Debug|Any CPU.ActiveCfg = Debug|Any CPU
		{357F7727-F6D3-4CF3-A2BB-72AC6F6A28D0}.Debug|Any CPU.Build.0 = Debug|Any CPU
		{357F7727-F6D3-4CF3-A2BB-72AC6F6A28D0}.Release|Any CPU.ActiveCfg = Release|Any CPU
		{357F7727-F6D3-4CF3-A2BB-72AC6F6A28D0}.Release|Any CPU.Build.0 = Release|Any CPU
		{38CD71E6-6995-4D0D-A781-B4202B40BFB1}.Debug|Any CPU.ActiveCfg = Debug|Any CPU
		{38CD71E6-6995-4D0D-A781-B4202B40BFB1}.Debug|Any CPU.Build.0 = Debug|Any CPU
		{38CD71E6-6995-4D0D-A781-B4202B40BFB1}.Release|Any CPU.ActiveCfg = Release|Any CPU
		{38CD71E6-6995-4D0D-A781-B4202B40BFB1}.Release|Any CPU.Build.0 = Release|Any CPU
		{8DE34803-6DFC-4204-9271-D2142D72EA7D}.Debug|Any CPU.ActiveCfg = Debug|Any CPU
		{8DE34803-6DFC-4204-9271-D2142D72EA7D}.Debug|Any CPU.Build.0 = Debug|Any CPU
		{8DE34803-6DFC-4204-9271-D2142D72EA7D}.Release|Any CPU.ActiveCfg = Release|Any CPU
		{8DE34803-6DFC-4204-9271-D2142D72EA7D}.Release|Any CPU.Build.0 = Release|Any CPU
		{2D752BFB-FE82-4A91-85C4-607E2FEA9A6F}.Debug|Any CPU.ActiveCfg = Debug|Any CPU
		{2D752BFB-FE82-4A91-85C4-607E2FEA9A6F}.Debug|Any CPU.Build.0 = Debug|Any CPU
		{2D752BFB-FE82-4A91-85C4-607E2FEA9A6F}.Release|Any CPU.ActiveCfg = Release|Any CPU
		{2D752BFB-FE82-4A91-85C4-607E2FEA9A6F}.Release|Any CPU.Build.0 = Release|Any CPU
		{886BCD9F-8C60-4A3F-9BB2-364CCE805187}.Debug|Any CPU.ActiveCfg = Debug|Any CPU
		{886BCD9F-8C60-4A3F-9BB2-364CCE805187}.Debug|Any CPU.Build.0 = Debug|Any CPU
		{886BCD9F-8C60-4A3F-9BB2-364CCE805187}.Release|Any CPU.ActiveCfg = Release|Any CPU
		{886BCD9F-8C60-4A3F-9BB2-364CCE805187}.Release|Any CPU.Build.0 = Release|Any CPU
		{10F790EF-F6AA-40EF-8F87-6DF70B1BD6A2}.Debug|Any CPU.ActiveCfg = Debug|Any CPU
		{10F790EF-F6AA-40EF-8F87-6DF70B1BD6A2}.Debug|Any CPU.Build.0 = Debug|Any CPU
		{10F790EF-F6AA-40EF-8F87-6DF70B1BD6A2}.Release|Any CPU.ActiveCfg = Release|Any CPU
		{10F790EF-F6AA-40EF-8F87-6DF70B1BD6A2}.Release|Any CPU.Build.0 = Release|Any CPU
		{732BAEF0-CB11-4D7E-B2A5-579663089437}.Debug|Any CPU.ActiveCfg = Debug|Any CPU
		{732BAEF0-CB11-4D7E-B2A5-579663089437}.Debug|Any CPU.Build.0 = Debug|Any CPU
		{732BAEF0-CB11-4D7E-B2A5-579663089437}.Release|Any CPU.ActiveCfg = Release|Any CPU
		{732BAEF0-CB11-4D7E-B2A5-579663089437}.Release|Any CPU.Build.0 = Release|Any CPU
		{5295C1EA-99E8-4735-89C4-252F420A2E1C}.Debug|Any CPU.ActiveCfg = Debug|Any CPU
		{5295C1EA-99E8-4735-89C4-252F420A2E1C}.Debug|Any CPU.Build.0 = Debug|Any CPU
		{5295C1EA-99E8-4735-89C4-252F420A2E1C}.Release|Any CPU.ActiveCfg = Release|Any CPU
		{5295C1EA-99E8-4735-89C4-252F420A2E1C}.Release|Any CPU.Build.0 = Release|Any CPU
	EndGlobalSection
	GlobalSection(SolutionProperties) = preSolution
		HideSolutionNode = FALSE
	EndGlobalSection
	GlobalSection(ExtensibilityGlobals) = postSolution
		SolutionGuid = {2843F384-9F8E-4D08-934F-B863FC7F989B}
	EndGlobalSection
EndGlobal
