
Microsoft Visual Studio Solution File, Format Version 12.00
# Visual Studio Version 16
VisualStudioVersion = 16.0.29201.188
MinimumVisualStudioVersion = 10.0.40219.1
Project("{FAE04EC0-301F-11D3-BF4B-00C04F79EFBC}") = "EnergyDrinks", "EnergyDrinks\EnergyDrinks.csproj", "{30AEBEA4-6321-4813-87A6-BA8D188A7D85}"
EndProject
Global
	GlobalSection(SolutionConfigurationPlatforms) = preSolution
		Debug|Any CPU = Debug|Any CPU
		Release|Any CPU = Release|Any CPU
	EndGlobalSection
	GlobalSection(ProjectConfigurationPlatforms) = postSolution
		{30AEBEA4-6321-4813-87A6-BA8D188A7D85}.Debug|Any CPU.ActiveCfg = Debug|Any CPU
		{30AEBEA4-6321-4813-87A6-BA8D188A7D85}.Debug|Any CPU.Build.0 = Debug|Any CPU
		{30AEBEA4-6321-4813-87A6-BA8D188A7D85}.Release|Any CPU.ActiveCfg = Release|Any CPU
		{30AEBEA4-6321-4813-87A6-BA8D188A7D85}.Release|Any CPU.Build.0 = Release|Any CPU
	EndGlobalSection
	GlobalSection(SolutionProperties) = preSolution
		HideSolutionNode = FALSE
	EndGlobalSection
	GlobalSection(ExtensibilityGlobals) = postSolution
		SolutionGuid = {9CCD350C-27E1-474A-8269-CE7EB1A38224}
	EndGlobalSection
EndGlobal
