
Microsoft Visual Studio Solution File, Format Version 12.00
# Visual Studio Version 16
VisualStudioVersion = 16.0.29009.5
MinimumVisualStudioVersion = 10.0.40219.1
Project("{FAE04EC0-301F-11D3-BF4B-00C04F79EFBC}") = "Arrays", "Arrays\Arrays.csproj", "{6561DB09-D22A-4384-A356-9522B8A5DD22}"
EndProject
Global
	GlobalSection(SolutionConfigurationPlatforms) = preSolution
		Debug|Any CPU = Debug|Any CPU
		Release|Any CPU = Release|Any CPU
	EndGlobalSection
	GlobalSection(ProjectConfigurationPlatforms) = postSolution
		{6561DB09-D22A-4384-A356-9522B8A5DD22}.Debug|Any CPU.ActiveCfg = Debug|Any CPU
		{6561DB09-D22A-4384-A356-9522B8A5DD22}.Debug|Any CPU.Build.0 = Debug|Any CPU
		{6561DB09-D22A-4384-A356-9522B8A5DD22}.Release|Any CPU.ActiveCfg = Release|Any CPU
		{6561DB09-D22A-4384-A356-9522B8A5DD22}.Release|Any CPU.Build.0 = Release|Any CPU
	EndGlobalSection
	GlobalSection(SolutionProperties) = preSolution
		HideSolutionNode = FALSE
	EndGlobalSection
	GlobalSection(ExtensibilityGlobals) = postSolution
		SolutionGuid = {881B6D18-DE99-41A7-B54B-A8C10B595652}
	EndGlobalSection
EndGlobal
