
Microsoft Visual Studio Solution File, Format Version 12.00
# Visual Studio Version 16
VisualStudioVersion = 16.0.29123.88
MinimumVisualStudioVersion = 10.0.40219.1
Project("{FAE04EC0-301F-11D3-BF4B-00C04F79EFBC}") = "CalculateArea", "CalculateArea\CalculateArea.csproj", "{6764DB75-045A-462A-896D-E7150A08DE85}"
EndProject
Project("{FAE04EC0-301F-11D3-BF4B-00C04F79EFBC}") = "GravityCalculator", "GravityCalculator\GravityCalculator.csproj", "{21B4C2ED-21D7-4F86-9A72-FCAD10DE578E}"
EndProject
Project("{9A19103F-16F7-4668-BE54-9A1E7A4F7556}") = "SumAverageRunningInt", "SumAverageRunningInt\SumAverageRunningInt.csproj", "{3A626440-B412-47F6-A2D2-2330B1840FD6}"
EndProject
Project("{FAE04EC0-301F-11D3-BF4B-00C04F79EFBC}") = "exc01", "exc01\exc01.csproj", "{3BDC8AA6-0FF1-474E-B782-4DF84A1BD58A}"
EndProject
Project("{FAE04EC0-301F-11D3-BF4B-00C04F79EFBC}") = "exc02", "exc02\exc02.csproj", "{78AD196D-0F4E-4016-B8F4-E8CC1DD97A44}"
EndProject
Project("{FAE04EC0-301F-11D3-BF4B-00C04F79EFBC}") = "exc04", "exc04\exc04.csproj", "{802615D0-5154-4DE4-BD8C-48BA401D1A3D}"
EndProject
Project("{FAE04EC0-301F-11D3-BF4B-00C04F79EFBC}") = "exc05", "exc05\exc05.csproj", "{07EC426E-B1F9-4844-B259-2929955677AC}"
EndProject
Project("{FAE04EC0-301F-11D3-BF4B-00C04F79EFBC}") = "exc06", "exc06\exc06.csproj", "{70897A93-EF94-4F2F-8E5E-51590294124F}"
EndProject
Project("{FAE04EC0-301F-11D3-BF4B-00C04F79EFBC}") = "exc08", "exc08\exc08.csproj", "{8DDEEDF2-9868-4478-BD00-564515B227BC}"
EndProject
Project("{FAE04EC0-301F-11D3-BF4B-00C04F79EFBC}") = "exc09", "exc09\exc09.csproj", "{2C954E30-1F3B-473A-AD1F-B6B7741B4B1F}"
EndProject
Project("{FAE04EC0-301F-11D3-BF4B-00C04F79EFBC}") = "exc10", "exc10\exc10.csproj", "{1ADFBA9E-4336-4FCC-9518-FFAE08F2104B}"
EndProject
Project("{FAE04EC0-301F-11D3-BF4B-00C04F79EFBC}") = "exc11", "exc11\exc11.csproj", "{EE4A41B6-45C6-410E-B31D-288A1A80BDE7}"
EndProject
Global
	GlobalSection(SolutionConfigurationPlatforms) = preSolution
		Debug|Any CPU = Debug|Any CPU
		Release|Any CPU = Release|Any CPU
	EndGlobalSection
	GlobalSection(ProjectConfigurationPlatforms) = postSolution
		{6764DB75-045A-462A-896D-E7150A08DE85}.Debug|Any CPU.ActiveCfg = Debug|Any CPU
		{6764DB75-045A-462A-896D-E7150A08DE85}.Debug|Any CPU.Build.0 = Debug|Any CPU
		{6764DB75-045A-462A-896D-E7150A08DE85}.Release|Any CPU.ActiveCfg = Release|Any CPU
		{6764DB75-045A-462A-896D-E7150A08DE85}.Release|Any CPU.Build.0 = Release|Any CPU
		{21B4C2ED-21D7-4F86-9A72-FCAD10DE578E}.Debug|Any CPU.ActiveCfg = Debug|Any CPU
		{21B4C2ED-21D7-4F86-9A72-FCAD10DE578E}.Debug|Any CPU.Build.0 = Debug|Any CPU
		{21B4C2ED-21D7-4F86-9A72-FCAD10DE578E}.Release|Any CPU.ActiveCfg = Release|Any CPU
		{21B4C2ED-21D7-4F86-9A72-FCAD10DE578E}.Release|Any CPU.Build.0 = Release|Any CPU
		{3A626440-B412-47F6-A2D2-2330B1840FD6}.Debug|Any CPU.ActiveCfg = Debug|Any CPU
		{3A626440-B412-47F6-A2D2-2330B1840FD6}.Debug|Any CPU.Build.0 = Debug|Any CPU
		{3A626440-B412-47F6-A2D2-2330B1840FD6}.Release|Any CPU.ActiveCfg = Release|Any CPU
		{3A626440-B412-47F6-A2D2-2330B1840FD6}.Release|Any CPU.Build.0 = Release|Any CPU
		{3BDC8AA6-0FF1-474E-B782-4DF84A1BD58A}.Debug|Any CPU.ActiveCfg = Debug|Any CPU
		{3BDC8AA6-0FF1-474E-B782-4DF84A1BD58A}.Debug|Any CPU.Build.0 = Debug|Any CPU
		{3BDC8AA6-0FF1-474E-B782-4DF84A1BD58A}.Release|Any CPU.ActiveCfg = Release|Any CPU
		{3BDC8AA6-0FF1-474E-B782-4DF84A1BD58A}.Release|Any CPU.Build.0 = Release|Any CPU
		{78AD196D-0F4E-4016-B8F4-E8CC1DD97A44}.Debug|Any CPU.ActiveCfg = Debug|Any CPU
		{78AD196D-0F4E-4016-B8F4-E8CC1DD97A44}.Debug|Any CPU.Build.0 = Debug|Any CPU
		{78AD196D-0F4E-4016-B8F4-E8CC1DD97A44}.Release|Any CPU.ActiveCfg = Release|Any CPU
		{78AD196D-0F4E-4016-B8F4-E8CC1DD97A44}.Release|Any CPU.Build.0 = Release|Any CPU
		{802615D0-5154-4DE4-BD8C-48BA401D1A3D}.Debug|Any CPU.ActiveCfg = Debug|Any CPU
		{802615D0-5154-4DE4-BD8C-48BA401D1A3D}.Debug|Any CPU.Build.0 = Debug|Any CPU
		{802615D0-5154-4DE4-BD8C-48BA401D1A3D}.Release|Any CPU.ActiveCfg = Release|Any CPU
		{802615D0-5154-4DE4-BD8C-48BA401D1A3D}.Release|Any CPU.Build.0 = Release|Any CPU
		{07EC426E-B1F9-4844-B259-2929955677AC}.Debug|Any CPU.ActiveCfg = Debug|Any CPU
		{07EC426E-B1F9-4844-B259-2929955677AC}.Debug|Any CPU.Build.0 = Debug|Any CPU
		{07EC426E-B1F9-4844-B259-2929955677AC}.Release|Any CPU.ActiveCfg = Release|Any CPU
		{07EC426E-B1F9-4844-B259-2929955677AC}.Release|Any CPU.Build.0 = Release|Any CPU
		{70897A93-EF94-4F2F-8E5E-51590294124F}.Debug|Any CPU.ActiveCfg = Debug|Any CPU
		{70897A93-EF94-4F2F-8E5E-51590294124F}.Debug|Any CPU.Build.0 = Debug|Any CPU
		{70897A93-EF94-4F2F-8E5E-51590294124F}.Release|Any CPU.ActiveCfg = Release|Any CPU
		{70897A93-EF94-4F2F-8E5E-51590294124F}.Release|Any CPU.Build.0 = Release|Any CPU
		{8DDEEDF2-9868-4478-BD00-564515B227BC}.Debug|Any CPU.ActiveCfg = Debug|Any CPU
		{8DDEEDF2-9868-4478-BD00-564515B227BC}.Debug|Any CPU.Build.0 = Debug|Any CPU
		{8DDEEDF2-9868-4478-BD00-564515B227BC}.Release|Any CPU.ActiveCfg = Release|Any CPU
		{8DDEEDF2-9868-4478-BD00-564515B227BC}.Release|Any CPU.Build.0 = Release|Any CPU
		{2C954E30-1F3B-473A-AD1F-B6B7741B4B1F}.Debug|Any CPU.ActiveCfg = Debug|Any CPU
		{2C954E30-1F3B-473A-AD1F-B6B7741B4B1F}.Debug|Any CPU.Build.0 = Debug|Any CPU
		{2C954E30-1F3B-473A-AD1F-B6B7741B4B1F}.Release|Any CPU.ActiveCfg = Release|Any CPU
		{2C954E30-1F3B-473A-AD1F-B6B7741B4B1F}.Release|Any CPU.Build.0 = Release|Any CPU
		{1ADFBA9E-4336-4FCC-9518-FFAE08F2104B}.Debug|Any CPU.ActiveCfg = Debug|Any CPU
		{1ADFBA9E-4336-4FCC-9518-FFAE08F2104B}.Debug|Any CPU.Build.0 = Debug|Any CPU
		{1ADFBA9E-4336-4FCC-9518-FFAE08F2104B}.Release|Any CPU.ActiveCfg = Release|Any CPU
		{1ADFBA9E-4336-4FCC-9518-FFAE08F2104B}.Release|Any CPU.Build.0 = Release|Any CPU
		{EE4A41B6-45C6-410E-B31D-288A1A80BDE7}.Debug|Any CPU.ActiveCfg = Debug|Any CPU
		{EE4A41B6-45C6-410E-B31D-288A1A80BDE7}.Debug|Any CPU.Build.0 = Debug|Any CPU
		{EE4A41B6-45C6-410E-B31D-288A1A80BDE7}.Release|Any CPU.ActiveCfg = Release|Any CPU
		{EE4A41B6-45C6-410E-B31D-288A1A80BDE7}.Release|Any CPU.Build.0 = Release|Any CPU
	EndGlobalSection
	GlobalSection(SolutionProperties) = preSolution
		HideSolutionNode = FALSE
	EndGlobalSection
	GlobalSection(ExtensibilityGlobals) = postSolution
		SolutionGuid = {22A75822-3C36-4529-B369-1F5A7653AD59}
	EndGlobalSection
EndGlobal
