
Microsoft Visual Studio Solution File, Format Version 12.00
# Visual Studio Version 17
VisualStudioVersion = 17.0.31903.59
MinimumVisualStudioVersion = 10.0.40219.1
Project("{FAE04EC0-301F-11D3-BF4B-00C04F79EFBC}") = "Exercise1", "Exercise1\Exercise1.csproj", "{F8DE5E0F-2B8E-4740-90A7-7AF904B3FBD2}"
EndProject
Project("{FAE04EC0-301F-11D3-BF4B-00C04F79EFBC}") = "Exercise2", "Exercise2\Exercise2.csproj", "{990A7482-573D-4A0D-B51C-3DF2B2196A8A}"
EndProject
Project("{FAE04EC0-301F-11D3-BF4B-00C04F79EFBC}") = "Exercise4", "Exercise4\Exercise4.csproj", "{CCA47F71-40AE-4B2C-98E1-A4433D04FE7A}"
EndProject
Project("{FAE04EC0-301F-11D3-BF4B-00C04F79EFBC}") = "exc03", "exc03\exc03.csproj", "{EF74191E-DE39-44F7-B339-8D910D24B9E5}"
EndProject
Project("{FAE04EC0-301F-11D3-BF4B-00C04F79EFBC}") = "exc05", "exc05\exc05.csproj", "{ABC4A5BB-E9DF-4A94-8796-5EDCED625E45}"
EndProject
Project("{FAE04EC0-301F-11D3-BF4B-00C04F79EFBC}") = "exc06", "exc06\exc06.csproj", "{CF786B28-B4BB-44DA-B224-F08624FA23C5}"
EndProject
Project("{FAE04EC0-301F-11D3-BF4B-00C04F79EFBC}") = "exc07", "exc07\exc07.csproj", "{20E37468-26B6-4321-8DB5-B4C58B70CFD5}"
EndProject
Project("{FAE04EC0-301F-11D3-BF4B-00C04F79EFBC}") = "exc08", "exc08\exc08.csproj", "{536AD5CC-073A-4145-940D-48D7CED4BEE7}"
EndProject
Project("{FAE04EC0-301F-11D3-BF4B-00C04F79EFBC}") = "exc09", "exc09\exc09.csproj", "{3E016C1E-5DDE-42CC-AE65-17A63BC31FD7}"
EndProject
Global
	GlobalSection(SolutionConfigurationPlatforms) = preSolution
		Debug|Any CPU = Debug|Any CPU
		Release|Any CPU = Release|Any CPU
	EndGlobalSection
	GlobalSection(ProjectConfigurationPlatforms) = postSolution
		{F8DE5E0F-2B8E-4740-90A7-7AF904B3FBD2}.Debug|Any CPU.ActiveCfg = Debug|Any CPU
		{F8DE5E0F-2B8E-4740-90A7-7AF904B3FBD2}.Debug|Any CPU.Build.0 = Debug|Any CPU
		{F8DE5E0F-2B8E-4740-90A7-7AF904B3FBD2}.Release|Any CPU.ActiveCfg = Release|Any CPU
		{F8DE5E0F-2B8E-4740-90A7-7AF904B3FBD2}.Release|Any CPU.Build.0 = Release|Any CPU
		{990A7482-573D-4A0D-B51C-3DF2B2196A8A}.Debug|Any CPU.ActiveCfg = Debug|Any CPU
		{990A7482-573D-4A0D-B51C-3DF2B2196A8A}.Debug|Any CPU.Build.0 = Debug|Any CPU
		{990A7482-573D-4A0D-B51C-3DF2B2196A8A}.Release|Any CPU.ActiveCfg = Release|Any CPU
		{990A7482-573D-4A0D-B51C-3DF2B2196A8A}.Release|Any CPU.Build.0 = Release|Any CPU
		{CCA47F71-40AE-4B2C-98E1-A4433D04FE7A}.Debug|Any CPU.ActiveCfg = Debug|Any CPU
		{CCA47F71-40AE-4B2C-98E1-A4433D04FE7A}.Debug|Any CPU.Build.0 = Debug|Any CPU
		{CCA47F71-40AE-4B2C-98E1-A4433D04FE7A}.Release|Any CPU.ActiveCfg = Release|Any CPU
		{CCA47F71-40AE-4B2C-98E1-A4433D04FE7A}.Release|Any CPU.Build.0 = Release|Any CPU
		{EF74191E-DE39-44F7-B339-8D910D24B9E5}.Debug|Any CPU.ActiveCfg = Debug|Any CPU
		{EF74191E-DE39-44F7-B339-8D910D24B9E5}.Debug|Any CPU.Build.0 = Debug|Any CPU
		{EF74191E-DE39-44F7-B339-8D910D24B9E5}.Release|Any CPU.ActiveCfg = Release|Any CPU
		{EF74191E-DE39-44F7-B339-8D910D24B9E5}.Release|Any CPU.Build.0 = Release|Any CPU
		{ABC4A5BB-E9DF-4A94-8796-5EDCED625E45}.Debug|Any CPU.ActiveCfg = Debug|Any CPU
		{ABC4A5BB-E9DF-4A94-8796-5EDCED625E45}.Debug|Any CPU.Build.0 = Debug|Any CPU
		{ABC4A5BB-E9DF-4A94-8796-5EDCED625E45}.Release|Any CPU.ActiveCfg = Release|Any CPU
		{ABC4A5BB-E9DF-4A94-8796-5EDCED625E45}.Release|Any CPU.Build.0 = Release|Any CPU
		{CF786B28-B4BB-44DA-B224-F08624FA23C5}.Debug|Any CPU.ActiveCfg = Debug|Any CPU
		{CF786B28-B4BB-44DA-B224-F08624FA23C5}.Debug|Any CPU.Build.0 = Debug|Any CPU
		{CF786B28-B4BB-44DA-B224-F08624FA23C5}.Release|Any CPU.ActiveCfg = Release|Any CPU
		{CF786B28-B4BB-44DA-B224-F08624FA23C5}.Release|Any CPU.Build.0 = Release|Any CPU
		{20E37468-26B6-4321-8DB5-B4C58B70CFD5}.Debug|Any CPU.ActiveCfg = Debug|Any CPU
		{20E37468-26B6-4321-8DB5-B4C58B70CFD5}.Debug|Any CPU.Build.0 = Debug|Any CPU
		{20E37468-26B6-4321-8DB5-B4C58B70CFD5}.Release|Any CPU.ActiveCfg = Release|Any CPU
		{20E37468-26B6-4321-8DB5-B4C58B70CFD5}.Release|Any CPU.Build.0 = Release|Any CPU
		{536AD5CC-073A-4145-940D-48D7CED4BEE7}.Debug|Any CPU.ActiveCfg = Debug|Any CPU
		{536AD5CC-073A-4145-940D-48D7CED4BEE7}.Debug|Any CPU.Build.0 = Debug|Any CPU
		{536AD5CC-073A-4145-940D-48D7CED4BEE7}.Release|Any CPU.ActiveCfg = Release|Any CPU
		{536AD5CC-073A-4145-940D-48D7CED4BEE7}.Release|Any CPU.Build.0 = Release|Any CPU
		{3E016C1E-5DDE-42CC-AE65-17A63BC31FD7}.Debug|Any CPU.ActiveCfg = Debug|Any CPU
		{3E016C1E-5DDE-42CC-AE65-17A63BC31FD7}.Debug|Any CPU.Build.0 = Debug|Any CPU
		{3E016C1E-5DDE-42CC-AE65-17A63BC31FD7}.Release|Any CPU.ActiveCfg = Release|Any CPU
		{3E016C1E-5DDE-42CC-AE65-17A63BC31FD7}.Release|Any CPU.Build.0 = Release|Any CPU
	EndGlobalSection
	GlobalSection(SolutionProperties) = preSolution
		HideSolutionNode = FALSE
	EndGlobalSection
	GlobalSection(ExtensibilityGlobals) = postSolution
		SolutionGuid = {9E2B805A-E209-4714-AE87-3C7317951F1D}
	EndGlobalSection
EndGlobal
